
Microsoft Visual Studio Solution File, Format Version 11.00
# Visual Studio 2010
Project("{8BC9CEB8-8B4A-11D0-8D11-00A0C91BC942}") = "FuckMutex", "FuckMutex\FuckMutex.vcxproj", "{73522139-B561-4C39-B478-7DF32362A012}"
EndProject
Project("{8BC9CEB8-8B4A-11D0-8D11-00A0C91BC942}") = "Inject", "Inject\Inject.vcxproj", "{3CF3C4EB-6CAD-4620-AF62-F6658638D387}"
EndProject
Global
	GlobalSection(SolutionConfigurationPlatforms) = preSolution
		Debug|Win32 = Debug|Win32
		Release|Win32 = Release|Win32
	EndGlobalSection
	GlobalSection(ProjectConfigurationPlatforms) = postSolution
		{73522139-B561-4C39-B478-7DF32362A012}.Debug|Win32.ActiveCfg = Debug|Win32
		{73522139-B561-4C39-B478-7DF32362A012}.Debug|Win32.Build.0 = Debug|Win32
		{73522139-B561-4C39-B478-7DF32362A012}.Release|Win32.ActiveCfg = Release|Win32
		{73522139-B561-4C39-B478-7DF32362A012}.Release|Win32.Build.0 = Release|Win32
		{3CF3C4EB-6CAD-4620-AF62-F6658638D387}.Debug|Win32.ActiveCfg = Debug|Win32
		{3CF3C4EB-6CAD-4620-AF62-F6658638D387}.Debug|Win32.Build.0 = Debug|Win32
		{3CF3C4EB-6CAD-4620-AF62-F6658638D387}.Release|Win32.ActiveCfg = Release|Win32
		{3CF3C4EB-6CAD-4620-AF62-F6658638D387}.Release|Win32.Build.0 = Release|Win32
	EndGlobalSection
	GlobalSection(SolutionProperties) = preSolution
		HideSolutionNode = FALSE
	EndGlobalSection
EndGlobal
